# THIS IS AN AUTOGENERATED FILE. DO NOT EDIT THIS FILE DIRECTLY.
# yarn lockfile v1


react-native-fast-image@^8.3.7:
  version "8.3.7"
  resolved "https://registry.yarnpkg.com/react-native-fast-image/-/react-native-fast-image-8.3.7.tgz#c4877de17903101f6d94b6736a4f7e5d7b019224"
  integrity sha512-J++Ad04PTUe4YgjyGv63gfgV8Fz1gZKAgQHpblf8Z87D9dxfc8UfXHTPv9VLGdTJU4IzdTnQqzoFgDtWdsvBsQ==
